
Microsoft Visual Studio Solution File, Format Version 12.00
# Visual Studio Version 17
VisualStudioVersion = 17.1.32328.378
MinimumVisualStudioVersion = 10.0.40219.1
Project("{F184B08F-C81C-45F6-A57F-5ABD9991F28F}") = "tick tak toe part 2", "tick tak toe part 2\tick tak toe part 2.vbproj", "{717A4837-EF22-4204-BA3C-8C17AA6EE265}"
EndProject
Global
	GlobalSection(SolutionConfigurationPlatforms) = preSolution
		Debug|Any CPU = Debug|Any CPU
		Release|Any CPU = Release|Any CPU
	EndGlobalSection
	GlobalSection(ProjectConfigurationPlatforms) = postSolution
		{717A4837-EF22-4204-BA3C-8C17AA6EE265}.Debug|Any CPU.ActiveCfg = Debug|Any CPU
		{717A4837-EF22-4204-BA3C-8C17AA6EE265}.Debug|Any CPU.Build.0 = Debug|Any CPU
		{717A4837-EF22-4204-BA3C-8C17AA6EE265}.Release|Any CPU.ActiveCfg = Release|Any CPU
		{717A4837-EF22-4204-BA3C-8C17AA6EE265}.Release|Any CPU.Build.0 = Release|Any CPU
	EndGlobalSection
	GlobalSection(SolutionProperties) = preSolution
		HideSolutionNode = FALSE
	EndGlobalSection
	GlobalSection(ExtensibilityGlobals) = postSolution
		SolutionGuid = {3E130C7A-A164-4402-891E-F556C718CC53}
	EndGlobalSection
EndGlobal
